lockfileVersion: 5.3

specifiers:
  '@hms-dbmi/viv': ^0.11.0
  esbuild: ^0.13.15
  fast-csv: ^4.3.6
  node-fetch: ^3.1.0
  zarr: ^0.5.1

dependencies:
  '@hms-dbmi/viv': 0.11.0
  fast-csv: 4.3.6
  node-fetch: 3.1.0
  zarr: 0.5.1

devDependencies:
  esbuild: 0.13.15

packages:

  /@babel/runtime/7.16.3:
    resolution: {integrity: sha512-WBwekcqacdY2e9AF/Q7WLFUWmdJGJTkbjqTjoMDgXkVZ3ZRUvOPsLb5KdwISoQVsbP+DQzVZW4Zhci0DvpbNTQ==}
    engines: {node: '>=6.9.0'}
    dependencies:
      regenerator-runtime: 0.13.9
    dev: false

  /@fast-csv/format/4.3.5:
    resolution: {integrity: sha512-8iRn6QF3I8Ak78lNAa+Gdl5MJJBM5vRHivFtMRUWINdevNo00K7OXxS2PshawLKTejVwieIlPmK5YlLu6w4u8A==}
    dependencies:
      '@types/node': 14.17.34
      lodash.escaperegexp: 4.1.2
      lodash.isboolean: 3.0.3
      lodash.isequal: 4.5.0
      lodash.isfunction: 3.0.9
      lodash.isnil: 4.0.0
    dev: false

  /@fast-csv/parse/4.3.6:
    resolution: {integrity: sha512-uRsLYksqpbDmWaSmzvJcuApSEe38+6NQZBUsuAyMZKqHxH0g1wcJgsKUvN3WC8tewaqFjBMMGrkHmC+T7k8LvA==}
    dependencies:
      '@types/node': 14.17.34
      lodash.escaperegexp: 4.1.2
      lodash.groupby: 4.6.0
      lodash.isfunction: 3.0.9
      lodash.isnil: 4.0.0
      lodash.isundefined: 3.0.1
      lodash.uniq: 4.5.0
    dev: false

  /@hms-dbmi/viv/0.11.0:
    resolution: {integrity: sha512-3gwrC69vHt1LB+XUg82uABeFl5Ed/ZL4jcMypkwiP0QGUbmhFK4vQvueugDTxali7hQ6KbHuP0H4OjPZi3AtUw==}
    peerDependencies:
      '@deck.gl/core': ~8.5.0
      '@deck.gl/geo-layers': ~8.5.0
      '@deck.gl/layers': ~8.5.0
      '@deck.gl/react': ~8.5.0
      '@luma.gl/constants': ~8.5.3
      '@luma.gl/core': ~8.5.3
      '@luma.gl/shadertools': ~8.5.3
      '@luma.gl/webgl': ~8.5.3
      react: ^16.12.0
      react-dom: ^16.12.0
    dependencies:
      '@math.gl/culling': 3.5.6
      fast-deep-equal: 3.1.3
      fast-xml-parser: 3.21.1
      geotiff: '@github.com/ilan-gold/geotiff.js/archive/refs/tags/viv-0.0.2.tar.gz'
      math.gl: 3.5.6
      quickselect: 2.0.0
      zarr: 0.4.2
    transitivePeerDependencies:
      - supports-color
    dev: false

  /@math.gl/core/3.5.6:
    resolution: {integrity: sha512-UGCKtJUBA9MBswclK6l8DuZqLcEnqlSfI57WzSDUB/Nki4tHfmdImJyhp8ky9W4cIahV1YLMhHRK1oRpLeC1sw==}
    dependencies:
      '@babel/runtime': 7.16.3
      gl-matrix: 3.3.0
    dev: false

  /@math.gl/culling/3.5.6:
    resolution: {integrity: sha512-Sustyo3XRaGVeUAzKk9kzoWErfNUzi+YFsmLe00r4qLbzXPg0Z7uLGX6zloEELILgqOZMOuAhadfmWVMsbq8ZA==}
    dependencies:
      '@babel/runtime': 7.16.3
      '@math.gl/core': 3.5.6
      gl-matrix: 3.3.0
    dev: false

  /@petamoriken/float16/1.1.1:
    resolution: {integrity: sha512-0r8nE5Q60tj3FbWWYLjAdGnWZgP7CMWXNaI5UsNzypRyxLDb/uvOl5SDw8GcPNu6pSTOt+KSI+0oL6fhSpNOFQ==}
    deprecated: critical bug fixed in v3.1.1
    dependencies:
      lodash: 4.17.21
      lodash-es: 4.17.21
    dev: false

  /@types/node/14.17.34:
    resolution: {integrity: sha512-USUftMYpmuMzeWobskoPfzDi+vkpe0dvcOBRNOscFrGxVp4jomnRxWuVohgqBow2xyIPC0S3gjxV/5079jhmDg==}
    dev: false

  /callsites/3.1.0:
    resolution: {integrity: sha512-P8BjAsXvZS+VIDUI11hHCQEv74YT67YUi5JJFNWIqL235sBmjX4+qx9Muvls5ivyNENctx46xQLQ3aTuE7ssaQ==}
    engines: {node: '>=6'}
    dev: false

  /content-type-parser/1.0.2:
    resolution: {integrity: sha512-lM4l4CnMEwOLHAHr/P6MEZwZFPJFtAAKgL6pogbXmVZggIqXhdB6RbBtPOTsw2FcXwYhehRGERJmRrjOiIB8pQ==}
    dev: false

  /data-uri-to-buffer/4.0.0:
    resolution: {integrity: sha512-Vr3mLBA8qWmcuschSLAOogKgQ/Jwxulv3RNE4FXnYWRGujzrRWQI4m12fQqRkwX06C0KanhLr4hK+GydchZsaA==}
    engines: {node: '>= 12'}

  /debug/4.3.2:
    resolution: {integrity: sha512-mOp8wKcvj7XxC78zLgw/ZA+6TSgkoE2C/ienthhRD298T7UNwAg9diBpLRxC0mOezLl4B0xV7M0cCO6P/O0Xhw==}
    engines: {node: '>=6.0'}
    peerDependencies:
      supports-color: '*'
    peerDependenciesMeta:
      supports-color:
        optional: true
    dependencies:
      ms: 2.1.2
    dev: false

  /esbuild-android-arm64/0.13.15:
    resolution: {integrity: sha512-m602nft/XXeO8YQPUDVoHfjyRVPdPgjyyXOxZ44MK/agewFFkPa8tUo6lAzSWh5Ui5PB4KR9UIFTSBKh/RrCmg==}
    cpu: [arm64]
    os: [android]
    requiresBuild: true
    dev: true
    optional: true

  /esbuild-darwin-64/0.13.15:
    resolution: {integrity: sha512-ihOQRGs2yyp7t5bArCwnvn2Atr6X4axqPpEdCFPVp7iUj4cVSdisgvEKdNR7yH3JDjW6aQDw40iQFoTqejqxvQ==}
    cpu: [x64]
    os: [darwin]
    requiresBuild: true
    dev: true
    optional: true

  /esbuild-darwin-arm64/0.13.15:
    resolution: {integrity: sha512-i1FZssTVxUqNlJ6cBTj5YQj4imWy3m49RZRnHhLpefFIh0To05ow9DTrXROTE1urGTQCloFUXTX8QfGJy1P8dQ==}
    cpu: [arm64]
    os: [darwin]
    requiresBuild: true
    dev: true
    optional: true

  /esbuild-freebsd-64/0.13.15:
    resolution: {integrity: sha512-G3dLBXUI6lC6Z09/x+WtXBXbOYQZ0E8TDBqvn7aMaOCzryJs8LyVXKY4CPnHFXZAbSwkCbqiPuSQ1+HhrNk7EA==}
    cpu: [x64]
    os: [freebsd]
    requiresBuild: true
    dev: true
    optional: true

  /esbuild-freebsd-arm64/0.13.15:
    resolution: {integrity: sha512-KJx0fzEDf1uhNOZQStV4ujg30WlnwqUASaGSFPhznLM/bbheu9HhqZ6mJJZM32lkyfGJikw0jg7v3S0oAvtvQQ==}
    cpu: [arm64]
    os: [freebsd]
    requiresBuild: true
    dev: true
    optional: true

  /esbuild-linux-32/0.13.15:
    resolution: {integrity: sha512-ZvTBPk0YWCLMCXiFmD5EUtB30zIPvC5Itxz0mdTu/xZBbbHJftQgLWY49wEPSn2T/TxahYCRDWun5smRa0Tu+g==}
    cpu: [ia32]
    os: [linux]
    requiresBuild: true
    dev: true
    optional: true

  /esbuild-linux-64/0.13.15:
    resolution: {integrity: sha512-eCKzkNSLywNeQTRBxJRQ0jxRCl2YWdMB3+PkWFo2BBQYC5mISLIVIjThNtn6HUNqua1pnvgP5xX0nHbZbPj5oA==}
    cpu: [x64]
    os: [linux]
    requiresBuild: true
    dev: true
    optional: true

  /esbuild-linux-arm/0.13.15:
    resolution: {integrity: sha512-wUHttDi/ol0tD8ZgUMDH8Ef7IbDX+/UsWJOXaAyTdkT7Yy9ZBqPg8bgB/Dn3CZ9SBpNieozrPRHm0BGww7W/jA==}
    cpu: [arm]
    os: [linux]
    requiresBuild: true
    dev: true
    optional: true

  /esbuild-linux-arm64/0.13.15:
    resolution: {integrity: sha512-bYpuUlN6qYU9slzr/ltyLTR9YTBS7qUDymO8SV7kjeNext61OdmqFAzuVZom+OLW1HPHseBfJ/JfdSlx8oTUoA==}
    cpu: [arm64]
    os: [linux]
    requiresBuild: true
    dev: true
    optional: true

  /esbuild-linux-mips64le/0.13.15:
    resolution: {integrity: sha512-KlVjIG828uFPyJkO/8gKwy9RbXhCEUeFsCGOJBepUlpa7G8/SeZgncUEz/tOOUJTcWMTmFMtdd3GElGyAtbSWg==}
    cpu: [mips64el]
    os: [linux]
    requiresBuild: true
    dev: true
    optional: true

  /esbuild-linux-ppc64le/0.13.15:
    resolution: {integrity: sha512-h6gYF+OsaqEuBjeesTBtUPw0bmiDu7eAeuc2OEH9S6mV9/jPhPdhOWzdeshb0BskRZxPhxPOjqZ+/OqLcxQwEQ==}
    cpu: [ppc64]
    os: [linux]
    requiresBuild: true
    dev: true
    optional: true

  /esbuild-netbsd-64/0.13.15:
    resolution: {integrity: sha512-3+yE9emwoevLMyvu+iR3rsa+Xwhie7ZEHMGDQ6dkqP/ndFzRHkobHUKTe+NCApSqG5ce2z4rFu+NX/UHnxlh3w==}
    cpu: [x64]
    os: [netbsd]
    requiresBuild: true
    dev: true
    optional: true

  /esbuild-openbsd-64/0.13.15:
    resolution: {integrity: sha512-wTfvtwYJYAFL1fSs8yHIdf5GEE4NkbtbXtjLWjM3Cw8mmQKqsg8kTiqJ9NJQe5NX/5Qlo7Xd9r1yKMMkHllp5g==}
    cpu: [x64]
    os: [openbsd]
    requiresBuild: true
    dev: true
    optional: true

  /esbuild-sunos-64/0.13.15:
    resolution: {integrity: sha512-lbivT9Bx3t1iWWrSnGyBP9ODriEvWDRiweAs69vI+miJoeKwHWOComSRukttbuzjZ8r1q0mQJ8Z7yUsDJ3hKdw==}
    cpu: [x64]
    os: [sunos]
    requiresBuild: true
    dev: true
    optional: true

  /esbuild-windows-32/0.13.15:
    resolution: {integrity: sha512-fDMEf2g3SsJ599MBr50cY5ve5lP1wyVwTe6aLJsM01KtxyKkB4UT+fc5MXQFn3RLrAIAZOG+tHC+yXObpSn7Nw==}
    cpu: [ia32]
    os: [win32]
    requiresBuild: true
    dev: true
    optional: true

  /esbuild-windows-64/0.13.15:
    resolution: {integrity: sha512-9aMsPRGDWCd3bGjUIKG/ZOJPKsiztlxl/Q3C1XDswO6eNX/Jtwu4M+jb6YDH9hRSUflQWX0XKAfWzgy5Wk54JQ==}
    cpu: [x64]
    os: [win32]
    requiresBuild: true
    dev: true
    optional: true

  /esbuild-windows-arm64/0.13.15:
    resolution: {integrity: sha512-zzvyCVVpbwQQATaf3IG8mu1IwGEiDxKkYUdA4FpoCHi1KtPa13jeScYDjlW0Qh+ebWzpKfR2ZwvqAQkSWNcKjA==}
    cpu: [arm64]
    os: [win32]
    requiresBuild: true
    dev: true
    optional: true

  /esbuild/0.13.15:
    resolution: {integrity: sha512-raCxt02HBKv8RJxE8vkTSCXGIyKHdEdGfUmiYb8wnabnaEmHzyW7DCHb5tEN0xU8ryqg5xw54mcwnYkC4x3AIw==}
    hasBin: true
    requiresBuild: true
    optionalDependencies:
      esbuild-android-arm64: 0.13.15
      esbuild-darwin-64: 0.13.15
      esbuild-darwin-arm64: 0.13.15
      esbuild-freebsd-64: 0.13.15
      esbuild-freebsd-arm64: 0.13.15
      esbuild-linux-32: 0.13.15
      esbuild-linux-64: 0.13.15
      esbuild-linux-arm: 0.13.15
      esbuild-linux-arm64: 0.13.15
      esbuild-linux-mips64le: 0.13.15
      esbuild-linux-ppc64le: 0.13.15
      esbuild-netbsd-64: 0.13.15
      esbuild-openbsd-64: 0.13.15
      esbuild-sunos-64: 0.13.15
      esbuild-windows-32: 0.13.15
      esbuild-windows-64: 0.13.15
      esbuild-windows-arm64: 0.13.15
    dev: true

  /esm/3.2.25:
    resolution: {integrity: sha512-U1suiZ2oDVWv4zPO56S0NcR5QriEahGtdN2OR6FiOG4WJvcjBVFB0qI4+eKoWFH483PKGuLuu6V8Z4T5g63UVA==}
    engines: {node: '>=6'}
    dev: false
    optional: true

  /eventemitter3/4.0.7:
    resolution: {integrity: sha512-8guHBZCwKnFhYdHr2ysuRWErTwhoN2X8XELRlrRwpmfeY2jjuUN4taQMsULKUVo1K4DvZl+0pgfyoysHxvmvEw==}
    dev: false

  /fast-csv/4.3.6:
    resolution: {integrity: sha512-2RNSpuwwsJGP0frGsOmTb9oUF+VkFSM4SyLTDgwf2ciHWTarN0lQTC+F2f/t5J9QjW+c65VFIAAu85GsvMIusw==}
    engines: {node: '>=10.0.0'}
    dependencies:
      '@fast-csv/format': 4.3.5
      '@fast-csv/parse': 4.3.6
    dev: false

  /fast-deep-equal/3.1.3:
    resolution: {integrity: sha512-f3qQ9oQy9j2AhBe/H9VC91wLmKBCCU/gDOnKNAYG5hswO7BLKj09Hc5HYNz9cGI++xlpDCIgDaitVs03ATR84Q==}
    dev: false

  /fast-xml-parser/3.21.1:
    resolution: {integrity: sha512-FTFVjYoBOZTJekiUsawGsSYV9QL0A+zDYCRj7y34IO6Jg+2IMYEtQa+bbictpdpV8dHxXywqU7C0gRDEOFtBFg==}
    hasBin: true
    dependencies:
      strnum: 1.0.4
    dev: false

  /fetch-blob/3.1.3:
    resolution: {integrity: sha512-ax1Y5I9w+9+JiM+wdHkhBoxew+zG4AJ2SvAD1v1szpddUIiPERVGBxrMcB2ZqW0Y3PP8bOWYv2zqQq1Jp2kqUQ==}
    engines: {node: ^12.20 || >= 14.13}
    dependencies:
      web-streams-polyfill: 3.2.0

  /formdata-polyfill/4.0.10:
    resolution: {integrity: sha512-buewHzMvYL29jdeQTVILecSaZKnt/RJWjoZCF5OW60Z67/GmSLBkOFM7qh1PI3zFNtJbaZL5eQu1vLfazOwj4g==}
    engines: {node: '>=12.20.0'}
    dependencies:
      fetch-blob: 3.1.3

  /gl-matrix/3.3.0:
    resolution: {integrity: sha512-COb7LDz+SXaHtl/h4LeaFcNdJdAQSDeVqjiIihSXNrkWObZLhDI4hIkZC11Aeqp7bcE72clzB0BnDXr2SmslRA==}
    dev: false

  /inherits/2.0.4:
    resolution: {integrity: sha512-k/vGaX4/Yla3WzyMCvTQOXYeIHvqOKtnqBduzTHpzpQZzAskKMhZ2K+EnBiSM9zGSoIFeMpXKxa4dYeZIQqewQ==}
    dev: false

  /is-observable/2.1.0:
    resolution: {integrity: sha512-DailKdLb0WU+xX8K5w7VsJhapwHLZ9jjmazqCJq4X12CTgqq73TKnbRcnSLuXYPOoLQgV5IrD7ePiX/h1vnkBw==}
    engines: {node: '>=8'}
    dev: false

  /lerc/2.0.0:
    resolution: {integrity: sha512-7qo1Mq8ZNmaR4USHHm615nEW2lPeeWJ3bTyoqFbd35DLx0LUH7C6ptt5FDCTAlbIzs3+WKrk5SkJvw8AFDE2hg==}
    dev: false

  /lodash-es/4.17.21:
    resolution: {integrity: sha512-mKnC+QJ9pWVzv+C4/U3rRsHapFfHvQFoFB92e52xeyGMcX6/OlIl78je1u8vePzYZSkkogMPJ2yjxxsb89cxyw==}
    dev: false

  /lodash.escaperegexp/4.1.2:
    resolution: {integrity: sha1-ZHYsSGGAglGKw99Mz11YhtriA0c=}
    dev: false

  /lodash.groupby/4.6.0:
    resolution: {integrity: sha1-Cwih3PaDl8OXhVwyOXg4Mt90A9E=}
    dev: false

  /lodash.isboolean/3.0.3:
    resolution: {integrity: sha1-bC4XHbKiV82WgC/UOwGyDV9YcPY=}
    dev: false

  /lodash.isequal/4.5.0:
    resolution: {integrity: sha1-QVxEePK8wwEgwizhDtMib30+GOA=}
    dev: false

  /lodash.isfunction/3.0.9:
    resolution: {integrity: sha512-AirXNj15uRIMMPihnkInB4i3NHeb4iBtNg9WRWuK2o31S+ePwwNmDPaTL3o7dTJ+VXNZim7rFs4rxN4YU1oUJw==}
    dev: false

  /lodash.isnil/4.0.0:
    resolution: {integrity: sha1-SeKM1VkBNFjIFMVHnTxmOiG/qmw=}
    dev: false

  /lodash.isundefined/3.0.1:
    resolution: {integrity: sha1-I+89lTVWUgOmbO/VuDD4SJEa+0g=}
    dev: false

  /lodash.uniq/4.5.0:
    resolution: {integrity: sha1-0CJTc662Uq3BvILklFM5qEJ1R3M=}
    dev: false

  /lodash/4.17.21:
    resolution: {integrity: sha512-v2kDEe57lecTulaDIuNTPy3Ry4gLGJ6Z1O3vE1krgXZNrsQ+LFTGHVxVjcXPs17LhbZVGedAJv8XZ1tvj5FvSg==}
    dev: false

  /lru-cache/6.0.0:
    resolution: {integrity: sha512-Jo6dJ04CmSjuznwJSS3pUeWmd/H0ffTlkXXgwZi+eq1UCmqQwCh+eLsYOYCwY991i2Fah4h1BEMCx4qThGbsiA==}
    engines: {node: '>=10'}
    dependencies:
      yallist: 4.0.0
    dev: false

  /lzw-tiff-decoder/0.1.1:
    resolution: {integrity: sha512-RUiNDPLzKEhX3JM9BgnFneerJd/uLgV4TeaNnkNJ0eO/GdlPeX01PKDCUsob8jhWILxOl3dGlDbD98KGex39ig==}
    dev: false

  /math.gl/3.5.6:
    resolution: {integrity: sha512-+IzdFaQk46iYU85XObRNqnb5NUQon+rWDPnCoEIOKOKdykr2gJ15BcVjEs0ZvH4EDv5K/JVmLkWzY/6DCEx2Fw==}
    dependencies:
      '@math.gl/core': 3.5.6
    dev: false

  /ms/2.1.2:
    resolution: {integrity: sha512-sGkPx+VjMtmA6MX27oA4FBFELFCZZ4S4XqeGOXCv68tT+jb3vk/RyaKWP0PTKyWtmLSM0b+adUTEvbs1PEaH2w==}
    dev: false

  /node-fetch/3.1.0:
    resolution: {integrity: sha512-QU0WbIfMUjd5+MUzQOYhenAazakV7Irh1SGkWCsRzBwvm4fAhzEUaHMJ6QLP7gWT6WO9/oH2zhKMMGMuIrDyKw==}
    engines: {node: ^12.20.0 || ^14.13.1 || >=16.0.0}
    dependencies:
      data-uri-to-buffer: 4.0.0
      fetch-blob: 3.1.3
      formdata-polyfill: 4.0.10
    dev: false

  /numcodecs/0.2.2:
    resolution: {integrity: sha512-Y5K8mv80yb4MgVpcElBkUeMZqeE4TrovxRit/dTZvoRl6YkB6WEjY+fiUjGCblITnt3T3fmrDg8yRWu0gOLjhQ==}
    engines: {node: '>=12'}
    dev: false

  /observable-fns/0.6.1:
    resolution: {integrity: sha512-9gRK4+sRWzeN6AOewNBTLXir7Zl/i3GB6Yl26gK4flxz8BXVpD3kt8amREmWNb0mxYOGDotvE5a4N+PtGGKdkg==}
    dev: false

  /p-finally/1.0.0:
    resolution: {integrity: sha1-P7z7FbiZpEEjs0ttzBi3JDNqLK4=}
    engines: {node: '>=4'}
    dev: false

  /p-queue/6.2.0:
    resolution: {integrity: sha512-B2LXNONcyn/G6uz2UBFsGjmSa0e/br3jznlzhEyCXg56c7VhEpiT2pZxGOfv32Q3FSyugAdys9KGpsv3kV+Sbg==}
    engines: {node: '>=8'}
    dependencies:
      eventemitter3: 4.0.7
      p-timeout: 3.2.0
    dev: false

  /p-timeout/3.2.0:
    resolution: {integrity: sha512-rhIwUycgwwKcP9yTOOFK/AKsAopjjCakVqLHePO3CC6Mir1Z99xT+R63jZxAT5lFZLa2inS5h+ZS2GvR99/FBg==}
    engines: {node: '>=8'}
    dependencies:
      p-finally: 1.0.0
    dev: false

  /pako/2.0.4:
    resolution: {integrity: sha512-v8tweI900AUkZN6heMU/4Uy4cXRc2AYNRggVmTR+dEncawDJgCdLMximOVA2p4qO57WMynangsfGRb5WD6L1Bg==}
    dev: false

  /parse-headers/2.0.4:
    resolution: {integrity: sha512-psZ9iZoCNFLrgRjZ1d8mn0h9WRqJwFxM9q3x7iUjN/YT2OksthDJ5TiPCu2F38kS4zutqfW+YdVVkBZZx3/1aw==}
    dev: false

  /quickselect/2.0.0:
    resolution: {integrity: sha512-RKJ22hX8mHe3Y6wH/N3wCM6BWtjaxIyyUIkpHOvfFnxdI4yD4tBXEBKSbriGujF6jnSVkJrffuo6vxACiSSxIw==}
    dev: false

  /readable-stream/3.6.0:
    resolution: {integrity: sha512-BViHy7LKeTz4oNnkcLJ+lVSL6vpiFeX6/d3oSH8zCW7UxP2onchk+vTGB143xuFjHS3deTgkKoXXymXqymiIdA==}
    engines: {node: '>= 6'}
    dependencies:
      inherits: 2.0.4
      string_decoder: 1.3.0
      util-deprecate: 1.0.2
    dev: false

  /regenerator-runtime/0.13.9:
    resolution: {integrity: sha512-p3VT+cOEgxFsRRA9X4lkI1E+k2/CtnKtU4gcxyaCUreilL/vqI6CdZ3wxVUx3UOUg+gnUOQQcRI7BmSI656MYA==}
    dev: false

  /safe-buffer/5.2.1:
    resolution: {integrity: sha512-rp3So07KcdmmKbGvgaNxQSJr7bGVSVk5S9Eq1F+ppbRo70+YeaDxkw5Dd8NPN+GD6bjnYm2VuPuCXmpuYvmCXQ==}
    dev: false

  /string_decoder/1.3.0:
    resolution: {integrity: sha512-hkRX8U1WjJFd8LsDJ2yQ/wWWxaopEsABU1XfkM8A+j0+85JAGppt16cr1Whg6KIbb4okU6Mql6BOj+uup/wKeA==}
    dependencies:
      safe-buffer: 5.2.1
    dev: false

  /strnum/1.0.4:
    resolution: {integrity: sha512-lMzNMfDpaQOLt4B2mEbfzYS0+T7dvCXeojnlGf6f1AygvWDMcWyXYaLbyICfjVu29sErR8fnRagQfBW/N/hGgw==}
    dev: false

  /threads/1.7.0:
    resolution: {integrity: sha512-Mx5NBSHX3sQYR6iI9VYbgHKBLisyB+xROCBGjjWm1O9wb9vfLxdaGtmT/KCjUqMsSNW6nERzCW3T6H43LqjDZQ==}
    dependencies:
      callsites: 3.1.0
      debug: 4.3.2
      is-observable: 2.1.0
      observable-fns: 0.6.1
    optionalDependencies:
      tiny-worker: 2.3.0
    transitivePeerDependencies:
      - supports-color
    dev: false

  /through2/3.0.2:
    resolution: {integrity: sha512-enaDQ4MUyP2W6ZyT6EsMzqBPZaM/avg8iuo+l2d3QCs0J+6RaqkHV/2/lOwDTueBHeJ/2LG9lrLW3d5rWPucuQ==}
    dependencies:
      inherits: 2.0.4
      readable-stream: 3.6.0
    dev: false

  /tiny-worker/2.3.0:
    resolution: {integrity: sha512-pJ70wq5EAqTAEl9IkGzA+fN0836rycEuz2Cn6yeZ6FRzlVS5IDOkFHpIoEsksPRQV34GDqXm65+OlnZqUSyK2g==}
    requiresBuild: true
    dependencies:
      esm: 3.2.25
    dev: false
    optional: true

  /txml/5.1.0:
    resolution: {integrity: sha512-B73m9YfrMK6joCrlU0AW+7E3hhX25KzViXlhljoB7cV6ODQ9vL2VojmuuOqaRObPVQHzSXw6QT5FCTz2vDgQyQ==}
    dependencies:
      through2: 3.0.2
    dev: false

  /util-deprecate/1.0.2:
    resolution: {integrity: sha1-RQ1Nyfpw3nMnYvvS1KKJgUGaDM8=}
    dev: false

  /web-streams-polyfill/3.2.0:
    resolution: {integrity: sha512-EqPmREeOzttaLRm5HS7io98goBgZ7IVz79aDvqjD0kYXLtFZTc0T/U6wHTPKyIjb+MdN7DFIIX6hgdBEpWmfPA==}
    engines: {node: '>= 8'}

  /yallist/4.0.0:
    resolution: {integrity: sha512-3wdGidZyq5PB084XLES5TpOSRA3wjXAlIWMhum2kRcv/41Sn2emQ0dycQW4uZXLejwKvg6EsvbdlVL+FYEct7A==}
    dev: false

  /zarr/0.4.2:
    resolution: {integrity: sha512-zyC1DaVURXqSEP6O0R8XOYa83RZkCpEHLUFOCsYn1a5n1j6ojwzwoUgeMOtHuNfuJwUnb8dGK0g3gTGGs87QiQ==}
    engines: {node: '>=8.0.0'}
    dependencies:
      numcodecs: 0.2.2
      p-queue: 6.2.0
    dev: false

  /zarr/0.5.1:
    resolution: {integrity: sha512-eL7S5gza/ednVr9wJMd5UF7jcc72qgMlMxuHbFYkWWX9dvb7n0SJL6PS3dCJ5TqyRSamCpAm+ssuodcL4uBTUQ==}
    engines: {node: '>=12'}
    dependencies:
      numcodecs: 0.2.2
      p-queue: 6.2.0
    dev: false

  '@github.com/ilan-gold/geotiff.js/archive/refs/tags/viv-0.0.2.tar.gz':
    resolution: {tarball: https://github.com/ilan-gold/geotiff.js/archive/refs/tags/viv-0.0.2.tar.gz}
    name: geotiff
    version: 1.0.4
    engines: {browsers: defaults, node: '>=10.19'}
    dependencies:
      '@petamoriken/float16': 1.1.1
      content-type-parser: 1.0.2
      lerc: 2.0.0
      lru-cache: 6.0.0
      lzw-tiff-decoder: 0.1.1
      pako: 2.0.4
      parse-headers: 2.0.4
      threads: 1.7.0
      txml: 5.1.0
    transitivePeerDependencies:
      - supports-color
    dev: false
